
Microsoft Visual Studio Solution File, Format Version 12.00
# Visual Studio 15
VisualStudioVersion = 15.0.28307.539
MinimumVisualStudioVersion = 10.0.40219.1
Project("{FAE04EC0-301F-11D3-BF4B-00C04F79EFBC}") = "AppLifecycleTutorial.Android", "AppLifecycleTutorial\AppLifecycleTutorial.Android\AppLifecycleTutorial.Android.csproj", "{6F0AE72F-AF5B-448B-BAEA-7DB043118B61}"
EndProject
Project("{FAE04EC0-301F-11D3-BF4B-00C04F79EFBC}") = "AppLifecycleTutorial.iOS", "AppLifecycleTutorial\AppLifecycleTutorial.iOS\AppLifecycleTutorial.iOS.csproj", "{0CE20CB6-B3F6-4BC0-B741-B11D58F9A85E}"
EndProject
Project("{FAE04EC0-301F-11D3-BF4B-00C04F79EFBC}") = "AppLifecycleTutorial", "AppLifecycleTutorial\AppLifecycleTutorial\AppLifecycleTutorial.csproj", "{322EBBE8-2774-4FA6-BB4B-2736C5457D68}"
EndProject
Global
	GlobalSection(SolutionConfigurationPlatforms) = preSolution
		Ad-Hoc|Any CPU = Ad-Hoc|Any CPU
		Ad-Hoc|iPhone = Ad-Hoc|iPhone
		Ad-Hoc|iPhoneSimulator = Ad-Hoc|iPhoneSimulator
		AppStore|Any CPU = AppStore|Any CPU
		AppStore|iPhone = AppStore|iPhone
		AppStore|iPhoneSimulator = AppStore|iPhoneSimulator
		Debug|Any CPU = Debug|Any CPU
		Debug|iPhone = Debug|iPhone
		Debug|iPhoneSimulator = Debug|iPhoneSimulator
		Release|Any CPU = Release|Any CPU
		Release|iPhone = Release|iPhone
		Release|iPhoneSimulator = Release|iPhoneSimulator
	EndGlobalSection
	GlobalSection(ProjectConfigurationPlatforms) = postSolution
		{6F0AE72F-AF5B-448B-BAEA-7DB043118B61}.Ad-Hoc|Any CPU.ActiveCfg = Release|Any CPU
		{6F0AE72F-AF5B-448B-BAEA-7DB043118B61}.Ad-Hoc|Any CPU.Build.0 = Release|Any CPU
		{6F0AE72F-AF5B-448B-BAEA-7DB043118B61}.Ad-Hoc|Any CPU.Deploy.0 = Release|Any CPU
		{6F0AE72F-AF5B-448B-BAEA-7DB043118B61}.Ad-Hoc|iPhone.ActiveCfg = Release|Any CPU
		{6F0AE72F-AF5B-448B-BAEA-7DB043118B61}.Ad-Hoc|iPhone.Build.0 = Release|Any CPU
		{6F0AE72F-AF5B-448B-BAEA-7DB043118B61}.Ad-Hoc|iPhone.Deploy.0 = Release|Any CPU
		{6F0AE72F-AF5B-448B-BAEA-7DB043118B61}.Ad-Hoc|iPhoneSimulator.ActiveCfg = Release|Any CPU
		{6F0AE72F-AF5B-448B-BAEA-7DB043118B61}.Ad-Hoc|iPhoneSimulator.Build.0 = Release|Any CPU
		{6F0AE72F-AF5B-448B-BAEA-7DB043118B61}.Ad-Hoc|iPhoneSimulator.Deploy.0 = Release|Any CPU
		{6F0AE72F-AF5B-448B-BAEA-7DB043118B61}.AppStore|Any CPU.ActiveCfg = Release|Any CPU
		{6F0AE72F-AF5B-448B-BAEA-7DB043118B61}.AppStore|Any CPU.Build.0 = Release|Any CPU
		{6F0AE72F-AF5B-448B-BAEA-7DB043118B61}.AppStore|Any CPU.Deploy.0 = Release|Any CPU
		{6F0AE72F-AF5B-448B-BAEA-7DB043118B61}.AppStore|iPhone.ActiveCfg = Release|Any CPU
		{6F0AE72F-AF5B-448B-BAEA-7DB043118B61}.AppStore|iPhone.Build.0 = Release|Any CPU
		{6F0AE72F-AF5B-448B-BAEA-7DB043118B61}.AppStore|iPhone.Deploy.0 = Release|Any CPU
		{6F0AE72F-AF5B-448B-BAEA-7DB043118B61}.AppStore|iPhoneSimulator.ActiveCfg = Release|Any CPU
		{6F0AE72F-AF5B-448B-BAEA-7DB043118B61}.AppStore|iPhoneSimulator.Build.0 = Release|Any CPU
		{6F0AE72F-AF5B-448B-BAEA-7DB043118B61}.AppStore|iPhoneSimulator.Deploy.0 = Release|Any CPU
		{6F0AE72F-AF5B-448B-BAEA-7DB043118B61}.Debug|Any CPU.ActiveCfg = Debug|Any CPU
		{6F0AE72F-AF5B-448B-BAEA-7DB043118B61}.Debug|Any CPU.Build.0 = Debug|Any CPU
		{6F0AE72F-AF5B-448B-BAEA-7DB043118B61}.Debug|Any CPU.Deploy.0 = Debug|Any CPU
		{6F0AE72F-AF5B-448B-BAEA-7DB043118B61}.Debug|iPhone.ActiveCfg = Debug|Any CPU
		{6F0AE72F-AF5B-448B-BAEA-7DB043118B61}.Debug|iPhone.Build.0 = Debug|Any CPU
		{6F0AE72F-AF5B-448B-BAEA-7DB043118B61}.Debug|iPhone.Deploy.0 = Debug|Any CPU
		{6F0AE72F-AF5B-448B-BAEA-7DB043118B61}.Debug|iPhoneSimulator.ActiveCfg = Debug|Any CPU
		{6F0AE72F-AF5B-448B-BAEA-7DB043118B61}.Debug|iPhoneSimulator.Build.0 = Debug|Any CPU
		{6F0AE72F-AF5B-448B-BAEA-7DB043118B61}.Debug|iPhoneSimulator.Deploy.0 = Debug|Any CPU
		{6F0AE72F-AF5B-448B-BAEA-7DB043118B61}.Release|Any CPU.ActiveCfg = Release|Any CPU
		{6F0AE72F-AF5B-448B-BAEA-7DB043118B61}.Release|Any CPU.Build.0 = Release|Any CPU
		{6F0AE72F-AF5B-448B-BAEA-7DB043118B61}.Release|Any CPU.Deploy.0 = Release|Any CPU
		{6F0AE72F-AF5B-448B-BAEA-7DB043118B61}.Release|iPhone.ActiveCfg = Release|Any CPU
		{6F0AE72F-AF5B-448B-BAEA-7DB043118B61}.Release|iPhone.Build.0 = Release|Any CPU
		{6F0AE72F-AF5B-448B-BAEA-7DB043118B61}.Release|iPhone.Deploy.0 = Release|Any CPU
		{6F0AE72F-AF5B-448B-BAEA-7DB043118B61}.Release|iPhoneSimulator.ActiveCfg = Release|Any CPU
		{6F0AE72F-AF5B-448B-BAEA-7DB043118B61}.Release|iPhoneSimulator.Build.0 = Release|Any CPU
		{6F0AE72F-AF5B-448B-BAEA-7DB043118B61}.Release|iPhoneSimulator.Deploy.0 = Release|Any CPU
		{0CE20CB6-B3F6-4BC0-B741-B11D58F9A85E}.Ad-Hoc|Any CPU.ActiveCfg = Ad-Hoc|iPhone
		{0CE20CB6-B3F6-4BC0-B741-B11D58F9A85E}.Ad-Hoc|Any CPU.Build.0 = Ad-Hoc|iPhone
		{0CE20CB6-B3F6-4BC0-B741-B11D58F9A85E}.Ad-Hoc|Any CPU.Deploy.0 = Ad-Hoc|iPhone
		{0CE20CB6-B3F6-4BC0-B741-B11D58F9A85E}.Ad-Hoc|iPhone.ActiveCfg = Ad-Hoc|iPhone
		{0CE20CB6-B3F6-4BC0-B741-B11D58F9A85E}.Ad-Hoc|iPhone.Build.0 = Ad-Hoc|iPhone
		{0CE20CB6-B3F6-4BC0-B741-B11D58F9A85E}.Ad-Hoc|iPhone.Deploy.0 = Ad-Hoc|iPhone
		{0CE20CB6-B3F6-4BC0-B741-B11D58F9A85E}.Ad-Hoc|iPhoneSimulator.ActiveCfg = Ad-Hoc|iPhoneSimulator
		{0CE20CB6-B3F6-4BC0-B741-B11D58F9A85E}.Ad-Hoc|iPhoneSimulator.Build.0 = Ad-Hoc|iPhoneSimulator
		{0CE20CB6-B3F6-4BC0-B741-B11D58F9A85E}.Ad-Hoc|iPhoneSimulator.Deploy.0 = Ad-Hoc|iPhoneSimulator
		{0CE20CB6-B3F6-4BC0-B741-B11D58F9A85E}.AppStore|Any CPU.ActiveCfg = AppStore|iPhone
		{0CE20CB6-B3F6-4BC0-B741-B11D58F9A85E}.AppStore|Any CPU.Build.0 = AppStore|iPhone
		{0CE20CB6-B3F6-4BC0-B741-B11D58F9A85E}.AppStore|Any CPU.Deploy.0 = AppStore|iPhone
		{0CE20CB6-B3F6-4BC0-B741-B11D58F9A85E}.AppStore|iPhone.ActiveCfg = AppStore|iPhone
		{0CE20CB6-B3F6-4BC0-B741-B11D58F9A85E}.AppStore|iPhone.Build.0 = AppStore|iPhone
		{0CE20CB6-B3F6-4BC0-B741-B11D58F9A85E}.AppStore|iPhone.Deploy.0 = AppStore|iPhone
		{0CE20CB6-B3F6-4BC0-B741-B11D58F9A85E}.AppStore|iPhoneSimulator.ActiveCfg = AppStore|iPhoneSimulator
		{0CE20CB6-B3F6-4BC0-B741-B11D58F9A85E}.AppStore|iPhoneSimulator.Build.0 = AppStore|iPhoneSimulator
		{0CE20CB6-B3F6-4BC0-B741-B11D58F9A85E}.AppStore|iPhoneSimulator.Deploy.0 = AppStore|iPhoneSimulator
		{0CE20CB6-B3F6-4BC0-B741-B11D58F9A85E}.Debug|Any CPU.ActiveCfg = Debug|iPhoneSimulator
		{0CE20CB6-B3F6-4BC0-B741-B11D58F9A85E}.Debug|Any CPU.Build.0 = Debug|iPhoneSimulator
		{0CE20CB6-B3F6-4BC0-B741-B11D58F9A85E}.Debug|Any CPU.Deploy.0 = Debug|iPhoneSimulator
		{0CE20CB6-B3F6-4BC0-B741-B11D58F9A85E}.Debug|iPhone.ActiveCfg = Debug|iPhone
		{0CE20CB6-B3F6-4BC0-B741-B11D58F9A85E}.Debug|iPhone.Build.0 = Debug|iPhone
		{0CE20CB6-B3F6-4BC0-B741-B11D58F9A85E}.Debug|iPhone.Deploy.0 = Debug|iPhone
		{0CE20CB6-B3F6-4BC0-B741-B11D58F9A85E}.Debug|iPhoneSimulator.ActiveCfg = Debug|iPhoneSimulator
		{0CE20CB6-B3F6-4BC0-B741-B11D58F9A85E}.Debug|iPhoneSimulator.Build.0 = Debug|iPhoneSimulator
		{0CE20CB6-B3F6-4BC0-B741-B11D58F9A85E}.Debug|iPhoneSimulator.Deploy.0 = Debug|iPhoneSimulator
		{0CE20CB6-B3F6-4BC0-B741-B11D58F9A85E}.Release|Any CPU.ActiveCfg = Release|iPhone
		{0CE20CB6-B3F6-4BC0-B741-B11D58F9A85E}.Release|Any CPU.Build.0 = Release|iPhone
		{0CE20CB6-B3F6-4BC0-B741-B11D58F9A85E}.Release|Any CPU.Deploy.0 = Release|iPhone
		{0CE20CB6-B3F6-4BC0-B741-B11D58F9A85E}.Release|iPhone.ActiveCfg = Release|iPhone
		{0CE20CB6-B3F6-4BC0-B741-B11D58F9A85E}.Release|iPhone.Build.0 = Release|iPhone
		{0CE20CB6-B3F6-4BC0-B741-B11D58F9A85E}.Release|iPhone.Deploy.0 = Release|iPhone
		{0CE20CB6-B3F6-4BC0-B741-B11D58F9A85E}.Release|iPhoneSimulator.ActiveCfg = Release|iPhoneSimulator
		{0CE20CB6-B3F6-4BC0-B741-B11D58F9A85E}.Release|iPhoneSimulator.Build.0 = Release|iPhoneSimulator
		{0CE20CB6-B3F6-4BC0-B741-B11D58F9A85E}.Release|iPhoneSimulator.Deploy.0 = Release|iPhoneSimulator
		{322EBBE8-2774-4FA6-BB4B-2736C5457D68}.Ad-Hoc|Any CPU.ActiveCfg = Debug|Any CPU
		{322EBBE8-2774-4FA6-BB4B-2736C5457D68}.Ad-Hoc|Any CPU.Build.0 = Debug|Any CPU
		{322EBBE8-2774-4FA6-BB4B-2736C5457D68}.Ad-Hoc|Any CPU.Deploy.0 = Debug|Any CPU
		{322EBBE8-2774-4FA6-BB4B-2736C5457D68}.Ad-Hoc|iPhone.ActiveCfg = Debug|Any CPU
		{322EBBE8-2774-4FA6-BB4B-2736C5457D68}.Ad-Hoc|iPhone.Build.0 = Debug|Any CPU
		{322EBBE8-2774-4FA6-BB4B-2736C5457D68}.Ad-Hoc|iPhone.Deploy.0 = Debug|Any CPU
		{322EBBE8-2774-4FA6-BB4B-2736C5457D68}.Ad-Hoc|iPhoneSimulator.ActiveCfg = Debug|Any CPU
		{322EBBE8-2774-4FA6-BB4B-2736C5457D68}.Ad-Hoc|iPhoneSimulator.Build.0 = Debug|Any CPU
		{322EBBE8-2774-4FA6-BB4B-2736C5457D68}.Ad-Hoc|iPhoneSimulator.Deploy.0 = Debug|Any CPU
		{322EBBE8-2774-4FA6-BB4B-2736C5457D68}.AppStore|Any CPU.ActiveCfg = Debug|Any CPU
		{322EBBE8-2774-4FA6-BB4B-2736C5457D68}.AppStore|Any CPU.Build.0 = Debug|Any CPU
		{322EBBE8-2774-4FA6-BB4B-2736C5457D68}.AppStore|Any CPU.Deploy.0 = Debug|Any CPU
		{322EBBE8-2774-4FA6-BB4B-2736C5457D68}.AppStore|iPhone.ActiveCfg = Debug|Any CPU
		{322EBBE8-2774-4FA6-BB4B-2736C5457D68}.AppStore|iPhone.Build.0 = Debug|Any CPU
		{322EBBE8-2774-4FA6-BB4B-2736C5457D68}.AppStore|iPhone.Deploy.0 = Debug|Any CPU
		{322EBBE8-2774-4FA6-BB4B-2736C5457D68}.AppStore|iPhoneSimulator.ActiveCfg = Debug|Any CPU
		{322EBBE8-2774-4FA6-BB4B-2736C5457D68}.AppStore|iPhoneSimulator.Build.0 = Debug|Any CPU
		{322EBBE8-2774-4FA6-BB4B-2736C5457D68}.AppStore|iPhoneSimulator.Deploy.0 = Debug|Any CPU
		{322EBBE8-2774-4FA6-BB4B-2736C5457D68}.Debug|Any CPU.ActiveCfg = Debug|Any CPU
		{322EBBE8-2774-4FA6-BB4B-2736C5457D68}.Debug|Any CPU.Build.0 = Debug|Any CPU
		{322EBBE8-2774-4FA6-BB4B-2736C5457D68}.Debug|Any CPU.Deploy.0 = Debug|Any CPU
		{322EBBE8-2774-4FA6-BB4B-2736C5457D68}.Debug|iPhone.ActiveCfg = Debug|Any CPU
		{322EBBE8-2774-4FA6-BB4B-2736C5457D68}.Debug|iPhone.Build.0 = Debug|Any CPU
		{322EBBE8-2774-4FA6-BB4B-2736C5457D68}.Debug|iPhone.Deploy.0 = Debug|Any CPU
		{322EBBE8-2774-4FA6-BB4B-2736C5457D68}.Debug|iPhoneSimulator.ActiveCfg = Debug|Any CPU
		{322EBBE8-2774-4FA6-BB4B-2736C5457D68}.Debug|iPhoneSimulator.Build.0 = Debug|Any CPU
		{322EBBE8-2774-4FA6-BB4B-2736C5457D68}.Debug|iPhoneSimulator.Deploy.0 = Debug|Any CPU
		{322EBBE8-2774-4FA6-BB4B-2736C5457D68}.Release|Any CPU.ActiveCfg = Release|Any CPU
		{322EBBE8-2774-4FA6-BB4B-2736C5457D68}.Release|Any CPU.Build.0 = Release|Any CPU
		{322EBBE8-2774-4FA6-BB4B-2736C5457D68}.Release|Any CPU.Deploy.0 = Release|Any CPU
		{322EBBE8-2774-4FA6-BB4B-2736C5457D68}.Release|iPhone.ActiveCfg = Release|Any CPU
		{322EBBE8-2774-4FA6-BB4B-2736C5457D68}.Release|iPhone.Build.0 = Release|Any CPU
		{322EBBE8-2774-4FA6-BB4B-2736C5457D68}.Release|iPhone.Deploy.0 = Release|Any CPU
		{322EBBE8-2774-4FA6-BB4B-2736C5457D68}.Release|iPhoneSimulator.ActiveCfg = Release|Any CPU
		{322EBBE8-2774-4FA6-BB4B-2736C5457D68}.Release|iPhoneSimulator.Build.0 = Release|Any CPU
		{322EBBE8-2774-4FA6-BB4B-2736C5457D68}.Release|iPhoneSimulator.Deploy.0 = Release|Any CPU
	EndGlobalSection
	GlobalSection(SolutionProperties) = preSolution
		HideSolutionNode = FALSE
	EndGlobalSection
	GlobalSection(ExtensibilityGlobals) = postSolution
		SolutionGuid = {60724D01-0748-4786-BBDA-65790C58C8B4}
	EndGlobalSection
EndGlobal
