
Microsoft Visual Studio Solution File, Format Version 12.00
# Visual Studio 15
VisualStudioVersion = 15.0.28307.539
MinimumVisualStudioVersion = 10.0.40219.1
Project("{FAE04EC0-301F-11D3-BF4B-00C04F79EFBC}") = "ExcelMake.Android", "ExcelMake\ExcelMake.Android\ExcelMake.Android.csproj", "{65191744-2385-4C9B-9DA1-9C7A9945DBBD}"
EndProject
Project("{FAE04EC0-301F-11D3-BF4B-00C04F79EFBC}") = "ExcelMake.iOS", "ExcelMake\ExcelMake.iOS\ExcelMake.iOS.csproj", "{19C7E237-68D9-41E2-90BD-FCF2227F8830}"
EndProject
Project("{FAE04EC0-301F-11D3-BF4B-00C04F79EFBC}") = "ExcelMake", "ExcelMake\ExcelMake\ExcelMake.csproj", "{39EFD9CD-C4FE-4962-BFE1-7DBC63B841EC}"
EndProject
Global
	GlobalSection(SolutionConfigurationPlatforms) = preSolution
		Ad-Hoc|Any CPU = Ad-Hoc|Any CPU
		Ad-Hoc|iPhone = Ad-Hoc|iPhone
		Ad-Hoc|iPhoneSimulator = Ad-Hoc|iPhoneSimulator
		AppStore|Any CPU = AppStore|Any CPU
		AppStore|iPhone = AppStore|iPhone
		AppStore|iPhoneSimulator = AppStore|iPhoneSimulator
		Debug|Any CPU = Debug|Any CPU
		Debug|iPhone = Debug|iPhone
		Debug|iPhoneSimulator = Debug|iPhoneSimulator
		Release|Any CPU = Release|Any CPU
		Release|iPhone = Release|iPhone
		Release|iPhoneSimulator = Release|iPhoneSimulator
	EndGlobalSection
	GlobalSection(ProjectConfigurationPlatforms) = postSolution
		{65191744-2385-4C9B-9DA1-9C7A9945DBBD}.Ad-Hoc|Any CPU.ActiveCfg = Release|Any CPU
		{65191744-2385-4C9B-9DA1-9C7A9945DBBD}.Ad-Hoc|Any CPU.Build.0 = Release|Any CPU
		{65191744-2385-4C9B-9DA1-9C7A9945DBBD}.Ad-Hoc|Any CPU.Deploy.0 = Release|Any CPU
		{65191744-2385-4C9B-9DA1-9C7A9945DBBD}.Ad-Hoc|iPhone.ActiveCfg = Release|Any CPU
		{65191744-2385-4C9B-9DA1-9C7A9945DBBD}.Ad-Hoc|iPhone.Build.0 = Release|Any CPU
		{65191744-2385-4C9B-9DA1-9C7A9945DBBD}.Ad-Hoc|iPhone.Deploy.0 = Release|Any CPU
		{65191744-2385-4C9B-9DA1-9C7A9945DBBD}.Ad-Hoc|iPhoneSimulator.ActiveCfg = Release|Any CPU
		{65191744-2385-4C9B-9DA1-9C7A9945DBBD}.Ad-Hoc|iPhoneSimulator.Build.0 = Release|Any CPU
		{65191744-2385-4C9B-9DA1-9C7A9945DBBD}.Ad-Hoc|iPhoneSimulator.Deploy.0 = Release|Any CPU
		{65191744-2385-4C9B-9DA1-9C7A9945DBBD}.AppStore|Any CPU.ActiveCfg = Release|Any CPU
		{65191744-2385-4C9B-9DA1-9C7A9945DBBD}.AppStore|Any CPU.Build.0 = Release|Any CPU
		{65191744-2385-4C9B-9DA1-9C7A9945DBBD}.AppStore|Any CPU.Deploy.0 = Release|Any CPU
		{65191744-2385-4C9B-9DA1-9C7A9945DBBD}.AppStore|iPhone.ActiveCfg = Release|Any CPU
		{65191744-2385-4C9B-9DA1-9C7A9945DBBD}.AppStore|iPhone.Build.0 = Release|Any CPU
		{65191744-2385-4C9B-9DA1-9C7A9945DBBD}.AppStore|iPhone.Deploy.0 = Release|Any CPU
		{65191744-2385-4C9B-9DA1-9C7A9945DBBD}.AppStore|iPhoneSimulator.ActiveCfg = Release|Any CPU
		{65191744-2385-4C9B-9DA1-9C7A9945DBBD}.AppStore|iPhoneSimulator.Build.0 = Release|Any CPU
		{65191744-2385-4C9B-9DA1-9C7A9945DBBD}.AppStore|iPhoneSimulator.Deploy.0 = Release|Any CPU
		{65191744-2385-4C9B-9DA1-9C7A9945DBBD}.Debug|Any CPU.ActiveCfg = Debug|Any CPU
		{65191744-2385-4C9B-9DA1-9C7A9945DBBD}.Debug|Any CPU.Build.0 = Debug|Any CPU
		{65191744-2385-4C9B-9DA1-9C7A9945DBBD}.Debug|Any CPU.Deploy.0 = Debug|Any CPU
		{65191744-2385-4C9B-9DA1-9C7A9945DBBD}.Debug|iPhone.ActiveCfg = Debug|Any CPU
		{65191744-2385-4C9B-9DA1-9C7A9945DBBD}.Debug|iPhone.Build.0 = Debug|Any CPU
		{65191744-2385-4C9B-9DA1-9C7A9945DBBD}.Debug|iPhone.Deploy.0 = Debug|Any CPU
		{65191744-2385-4C9B-9DA1-9C7A9945DBBD}.Debug|iPhoneSimulator.ActiveCfg = Debug|Any CPU
		{65191744-2385-4C9B-9DA1-9C7A9945DBBD}.Debug|iPhoneSimulator.Build.0 = Debug|Any CPU
		{65191744-2385-4C9B-9DA1-9C7A9945DBBD}.Debug|iPhoneSimulator.Deploy.0 = Debug|Any CPU
		{65191744-2385-4C9B-9DA1-9C7A9945DBBD}.Release|Any CPU.ActiveCfg = Release|Any CPU
		{65191744-2385-4C9B-9DA1-9C7A9945DBBD}.Release|Any CPU.Build.0 = Release|Any CPU
		{65191744-2385-4C9B-9DA1-9C7A9945DBBD}.Release|Any CPU.Deploy.0 = Release|Any CPU
		{65191744-2385-4C9B-9DA1-9C7A9945DBBD}.Release|iPhone.ActiveCfg = Release|Any CPU
		{65191744-2385-4C9B-9DA1-9C7A9945DBBD}.Release|iPhone.Build.0 = Release|Any CPU
		{65191744-2385-4C9B-9DA1-9C7A9945DBBD}.Release|iPhone.Deploy.0 = Release|Any CPU
		{65191744-2385-4C9B-9DA1-9C7A9945DBBD}.Release|iPhoneSimulator.ActiveCfg = Release|Any CPU
		{65191744-2385-4C9B-9DA1-9C7A9945DBBD}.Release|iPhoneSimulator.Build.0 = Release|Any CPU
		{65191744-2385-4C9B-9DA1-9C7A9945DBBD}.Release|iPhoneSimulator.Deploy.0 = Release|Any CPU
		{19C7E237-68D9-41E2-90BD-FCF2227F8830}.Ad-Hoc|Any CPU.ActiveCfg = Ad-Hoc|iPhone
		{19C7E237-68D9-41E2-90BD-FCF2227F8830}.Ad-Hoc|Any CPU.Build.0 = Ad-Hoc|iPhone
		{19C7E237-68D9-41E2-90BD-FCF2227F8830}.Ad-Hoc|Any CPU.Deploy.0 = Ad-Hoc|iPhone
		{19C7E237-68D9-41E2-90BD-FCF2227F8830}.Ad-Hoc|iPhone.ActiveCfg = Ad-Hoc|iPhone
		{19C7E237-68D9-41E2-90BD-FCF2227F8830}.Ad-Hoc|iPhone.Build.0 = Ad-Hoc|iPhone
		{19C7E237-68D9-41E2-90BD-FCF2227F8830}.Ad-Hoc|iPhone.Deploy.0 = Ad-Hoc|iPhone
		{19C7E237-68D9-41E2-90BD-FCF2227F8830}.Ad-Hoc|iPhoneSimulator.ActiveCfg = Ad-Hoc|iPhoneSimulator
		{19C7E237-68D9-41E2-90BD-FCF2227F8830}.Ad-Hoc|iPhoneSimulator.Build.0 = Ad-Hoc|iPhoneSimulator
		{19C7E237-68D9-41E2-90BD-FCF2227F8830}.Ad-Hoc|iPhoneSimulator.Deploy.0 = Ad-Hoc|iPhoneSimulator
		{19C7E237-68D9-41E2-90BD-FCF2227F8830}.AppStore|Any CPU.ActiveCfg = AppStore|iPhone
		{19C7E237-68D9-41E2-90BD-FCF2227F8830}.AppStore|Any CPU.Build.0 = AppStore|iPhone
		{19C7E237-68D9-41E2-90BD-FCF2227F8830}.AppStore|Any CPU.Deploy.0 = AppStore|iPhone
		{19C7E237-68D9-41E2-90BD-FCF2227F8830}.AppStore|iPhone.ActiveCfg = AppStore|iPhone
		{19C7E237-68D9-41E2-90BD-FCF2227F8830}.AppStore|iPhone.Build.0 = AppStore|iPhone
		{19C7E237-68D9-41E2-90BD-FCF2227F8830}.AppStore|iPhone.Deploy.0 = AppStore|iPhone
		{19C7E237-68D9-41E2-90BD-FCF2227F8830}.AppStore|iPhoneSimulator.ActiveCfg = AppStore|iPhoneSimulator
		{19C7E237-68D9-41E2-90BD-FCF2227F8830}.AppStore|iPhoneSimulator.Build.0 = AppStore|iPhoneSimulator
		{19C7E237-68D9-41E2-90BD-FCF2227F8830}.AppStore|iPhoneSimulator.Deploy.0 = AppStore|iPhoneSimulator
		{19C7E237-68D9-41E2-90BD-FCF2227F8830}.Debug|Any CPU.ActiveCfg = Debug|iPhoneSimulator
		{19C7E237-68D9-41E2-90BD-FCF2227F8830}.Debug|Any CPU.Build.0 = Debug|iPhoneSimulator
		{19C7E237-68D9-41E2-90BD-FCF2227F8830}.Debug|Any CPU.Deploy.0 = Debug|iPhoneSimulator
		{19C7E237-68D9-41E2-90BD-FCF2227F8830}.Debug|iPhone.ActiveCfg = Debug|iPhone
		{19C7E237-68D9-41E2-90BD-FCF2227F8830}.Debug|iPhone.Build.0 = Debug|iPhone
		{19C7E237-68D9-41E2-90BD-FCF2227F8830}.Debug|iPhone.Deploy.0 = Debug|iPhone
		{19C7E237-68D9-41E2-90BD-FCF2227F8830}.Debug|iPhoneSimulator.ActiveCfg = Debug|iPhoneSimulator
		{19C7E237-68D9-41E2-90BD-FCF2227F8830}.Debug|iPhoneSimulator.Build.0 = Debug|iPhoneSimulator
		{19C7E237-68D9-41E2-90BD-FCF2227F8830}.Debug|iPhoneSimulator.Deploy.0 = Debug|iPhoneSimulator
		{19C7E237-68D9-41E2-90BD-FCF2227F8830}.Release|Any CPU.ActiveCfg = Release|iPhone
		{19C7E237-68D9-41E2-90BD-FCF2227F8830}.Release|Any CPU.Build.0 = Release|iPhone
		{19C7E237-68D9-41E2-90BD-FCF2227F8830}.Release|Any CPU.Deploy.0 = Release|iPhone
		{19C7E237-68D9-41E2-90BD-FCF2227F8830}.Release|iPhone.ActiveCfg = Release|iPhone
		{19C7E237-68D9-41E2-90BD-FCF2227F8830}.Release|iPhone.Build.0 = Release|iPhone
		{19C7E237-68D9-41E2-90BD-FCF2227F8830}.Release|iPhone.Deploy.0 = Release|iPhone
		{19C7E237-68D9-41E2-90BD-FCF2227F8830}.Release|iPhoneSimulator.ActiveCfg = Release|iPhoneSimulator
		{19C7E237-68D9-41E2-90BD-FCF2227F8830}.Release|iPhoneSimulator.Build.0 = Release|iPhoneSimulator
		{19C7E237-68D9-41E2-90BD-FCF2227F8830}.Release|iPhoneSimulator.Deploy.0 = Release|iPhoneSimulator
		{39EFD9CD-C4FE-4962-BFE1-7DBC63B841EC}.Ad-Hoc|Any CPU.ActiveCfg = Debug|Any CPU
		{39EFD9CD-C4FE-4962-BFE1-7DBC63B841EC}.Ad-Hoc|Any CPU.Build.0 = Debug|Any CPU
		{39EFD9CD-C4FE-4962-BFE1-7DBC63B841EC}.Ad-Hoc|Any CPU.Deploy.0 = Debug|Any CPU
		{39EFD9CD-C4FE-4962-BFE1-7DBC63B841EC}.Ad-Hoc|iPhone.ActiveCfg = Debug|Any CPU
		{39EFD9CD-C4FE-4962-BFE1-7DBC63B841EC}.Ad-Hoc|iPhone.Build.0 = Debug|Any CPU
		{39EFD9CD-C4FE-4962-BFE1-7DBC63B841EC}.Ad-Hoc|iPhone.Deploy.0 = Debug|Any CPU
		{39EFD9CD-C4FE-4962-BFE1-7DBC63B841EC}.Ad-Hoc|iPhoneSimulator.ActiveCfg = Debug|Any CPU
		{39EFD9CD-C4FE-4962-BFE1-7DBC63B841EC}.Ad-Hoc|iPhoneSimulator.Build.0 = Debug|Any CPU
		{39EFD9CD-C4FE-4962-BFE1-7DBC63B841EC}.Ad-Hoc|iPhoneSimulator.Deploy.0 = Debug|Any CPU
		{39EFD9CD-C4FE-4962-BFE1-7DBC63B841EC}.AppStore|Any CPU.ActiveCfg = Debug|Any CPU
		{39EFD9CD-C4FE-4962-BFE1-7DBC63B841EC}.AppStore|Any CPU.Build.0 = Debug|Any CPU
		{39EFD9CD-C4FE-4962-BFE1-7DBC63B841EC}.AppStore|Any CPU.Deploy.0 = Debug|Any CPU
		{39EFD9CD-C4FE-4962-BFE1-7DBC63B841EC}.AppStore|iPhone.ActiveCfg = Debug|Any CPU
		{39EFD9CD-C4FE-4962-BFE1-7DBC63B841EC}.AppStore|iPhone.Build.0 = Debug|Any CPU
		{39EFD9CD-C4FE-4962-BFE1-7DBC63B841EC}.AppStore|iPhone.Deploy.0 = Debug|Any CPU
		{39EFD9CD-C4FE-4962-BFE1-7DBC63B841EC}.AppStore|iPhoneSimulator.ActiveCfg = Debug|Any CPU
		{39EFD9CD-C4FE-4962-BFE1-7DBC63B841EC}.AppStore|iPhoneSimulator.Build.0 = Debug|Any CPU
		{39EFD9CD-C4FE-4962-BFE1-7DBC63B841EC}.AppStore|iPhoneSimulator.Deploy.0 = Debug|Any CPU
		{39EFD9CD-C4FE-4962-BFE1-7DBC63B841EC}.Debug|Any CPU.ActiveCfg = Debug|Any CPU
		{39EFD9CD-C4FE-4962-BFE1-7DBC63B841EC}.Debug|Any CPU.Build.0 = Debug|Any CPU
		{39EFD9CD-C4FE-4962-BFE1-7DBC63B841EC}.Debug|Any CPU.Deploy.0 = Debug|Any CPU
		{39EFD9CD-C4FE-4962-BFE1-7DBC63B841EC}.Debug|iPhone.ActiveCfg = Debug|Any CPU
		{39EFD9CD-C4FE-4962-BFE1-7DBC63B841EC}.Debug|iPhone.Build.0 = Debug|Any CPU
		{39EFD9CD-C4FE-4962-BFE1-7DBC63B841EC}.Debug|iPhone.Deploy.0 = Debug|Any CPU
		{39EFD9CD-C4FE-4962-BFE1-7DBC63B841EC}.Debug|iPhoneSimulator.ActiveCfg = Debug|Any CPU
		{39EFD9CD-C4FE-4962-BFE1-7DBC63B841EC}.Debug|iPhoneSimulator.Build.0 = Debug|Any CPU
		{39EFD9CD-C4FE-4962-BFE1-7DBC63B841EC}.Debug|iPhoneSimulator.Deploy.0 = Debug|Any CPU
		{39EFD9CD-C4FE-4962-BFE1-7DBC63B841EC}.Release|Any CPU.ActiveCfg = Release|Any CPU
		{39EFD9CD-C4FE-4962-BFE1-7DBC63B841EC}.Release|Any CPU.Build.0 = Release|Any CPU
		{39EFD9CD-C4FE-4962-BFE1-7DBC63B841EC}.Release|Any CPU.Deploy.0 = Release|Any CPU
		{39EFD9CD-C4FE-4962-BFE1-7DBC63B841EC}.Release|iPhone.ActiveCfg = Release|Any CPU
		{39EFD9CD-C4FE-4962-BFE1-7DBC63B841EC}.Release|iPhone.Build.0 = Release|Any CPU
		{39EFD9CD-C4FE-4962-BFE1-7DBC63B841EC}.Release|iPhone.Deploy.0 = Release|Any CPU
		{39EFD9CD-C4FE-4962-BFE1-7DBC63B841EC}.Release|iPhoneSimulator.ActiveCfg = Release|Any CPU
		{39EFD9CD-C4FE-4962-BFE1-7DBC63B841EC}.Release|iPhoneSimulator.Build.0 = Release|Any CPU
		{39EFD9CD-C4FE-4962-BFE1-7DBC63B841EC}.Release|iPhoneSimulator.Deploy.0 = Release|Any CPU
	EndGlobalSection
	GlobalSection(SolutionProperties) = preSolution
		HideSolutionNode = FALSE
	EndGlobalSection
	GlobalSection(ExtensibilityGlobals) = postSolution
		SolutionGuid = {7BD4E20C-4FB9-4DC2-A775-A0ED02EDFD15}
	EndGlobalSection
EndGlobal
